<?xml version="1.0" encoding="utf-8"?>
<Project ToolsVersion="4.0" xmlns="http://schemas.microsoft.com/developer/msbuild/2003">
  <ItemGroup>
    <Filter Include="Source Files">
      <UniqueIdentifier>{4FC737F1-C7A5-4376-A066-2A32D752A2FF}</UniqueIdentifier>
      <Extensions>cpp;c;cc;cxx;def;odl;idl;hpj;bat;asm;asmx</Extensions>
    </Filter>
    <Filter Include="Source Files\Model">
      <UniqueIdentifier>{1dd24ce3-9d88-4004-9dfb-ebe8039053ad}</UniqueIdentifier>
    </Filter>
    <Filter Include="Source Files\Model\Enums">
      <UniqueIdentifier>{5ab0d233-4aea-4182-a956-d5abc087473f}</UniqueIdentifier>
    </Filter>
    <Filter Include="Source Files\Model\Layers">
      <UniqueIdentifier>{9ab9e4ca-a1b2-44b8-beff-6553d003ab8b}</UniqueIdentifier>
    </Filter>
    <Filter Include="Source Files\Model\Neurons">
      <UniqueIdentifier>{c83a96a7-aa72-419b-9cf5-24d8dc0752e7}</UniqueIdentifier>
    </Filter>
    <Filter Include="Source Files\Model\Layers\Layers2D">
      <UniqueIdentifier>{0db36777-7d1d-4dc4-9217-cd8cc6699acc}</UniqueIdentifier>
    </Filter>
    <Filter Include="Source Files\Model\Layers\Layers1D">
      <UniqueIdentifier>{624cb7c0-2869-425f-a93d-3112aa530eaf}</UniqueIdentifier>
    </Filter>
    <Filter Include="Source Files\Model\Layers\Layers1D\FullyConnectedLayer">
      <UniqueIdentifier>{79a937a8-a777-47e0-97d4-55c069cadbf2}</UniqueIdentifier>
    </Filter>
    <Filter Include="Source Files\Model\Layers\Layers1D\OutputLayer">
      <UniqueIdentifier>{d4af9c1e-dba9-4343-9e01-09ada48f2c3d}</UniqueIdentifier>
    </Filter>
    <Filter Include="Source Files\Model\Layers\Layers2D\ConvolutionLayer">
      <UniqueIdentifier>{2d926859-c317-4102-bb59-9134c4b41856}</UniqueIdentifier>
    </Filter>
    <Filter Include="Source Files\Model\Layers\Layers2D\DownsamplingLayer">
      <UniqueIdentifier>{2c96a3f4-91ad-4029-a138-cfcb642a7663}</UniqueIdentifier>
    </Filter>
    <Filter Include="Source Files\Model\Layers\Layers2D\InputLayer">
      <UniqueIdentifier>{1a3dd664-6a9a-4b71-83e1-3ded8224d149}</UniqueIdentifier>
    </Filter>
    <Filter Include="Source Files\Model\Containers">
      <UniqueIdentifier>{aeacabb7-2ae9-4077-aa95-ca809969b75c}</UniqueIdentifier>
    </Filter>
    <Filter Include="Source Files\Model\Containers\Matrices">
      <UniqueIdentifier>{69c3e1d3-1b8f-4689-8bd8-42408da594a0}</UniqueIdentifier>
    </Filter>
    <Filter Include="Source Files\Model\Containers\Vectors">
      <UniqueIdentifier>{942d8e1d-8ee9-4326-82ff-070b7d3d444f}</UniqueIdentifier>
    </Filter>
    <Filter Include="Source Files\Output">
      <UniqueIdentifier>{314376bf-8d27-482b-9716-b3fc1e3050b2}</UniqueIdentifier>
    </Filter>
    <Filter Include="Source Files\Model\Exceptions">
      <UniqueIdentifier>{29de006e-12ca-4d14-bfb3-3b7131e90265}</UniqueIdentifier>
    </Filter>
    <Filter Include="Source Files\Model\Connecting">
      <UniqueIdentifier>{5d787f2d-a3cb-43f5-8979-90524e380c69}</UniqueIdentifier>
    </Filter>
    <Filter Include="Source Files\Model\Connecting\ContainersConnections">
      <UniqueIdentifier>{817dc305-a7c8-453a-b11b-cc813de73bd1}</UniqueIdentifier>
    </Filter>
    <Filter Include="Source Files\Model\Connecting\NeuronsConnections">
      <UniqueIdentifier>{c9859e64-9eae-411e-9dec-473765a133cd}</UniqueIdentifier>
    </Filter>
    <Filter Include="Source Files\Model\Creating">
      <UniqueIdentifier>{88200db7-9b9a-4f8f-b7e3-76e7f62ee5ee}</UniqueIdentifier>
    </Filter>
    <Filter Include="Source Files\Model\Creating\ContainersCreating">
      <UniqueIdentifier>{f22bda1d-d880-4367-b021-06e7295a0c16}</UniqueIdentifier>
    </Filter>
    <Filter Include="Source Files\Model\Creating\NeuronsCreating">
      <UniqueIdentifier>{e13f3ba6-8fa2-453e-a739-2a5e5c4d7098}</UniqueIdentifier>
    </Filter>
  </ItemGroup>
  <ItemGroup>
    <ClInclude Include="Layer.h">
      <Filter>Source Files\Model\Layers</Filter>
    </ClInclude>
    <ClInclude Include="TBDMarkerEnum.h">
      <Filter>Source Files\Model\Enums</Filter>
    </ClInclude>
    <ClInclude Include="Neuron.h">
      <Filter>Source Files\Model\Neurons</Filter>
    </ClInclude>
    <ClInclude Include="Layer1D.h">
      <Filter>Source Files\Model\Layers\Layers1D</Filter>
    </ClInclude>
    <ClInclude Include="Layer2D.h">
      <Filter>Source Files\Model\Layers\Layers2D</Filter>
    </ClInclude>
    <ClInclude Include="NeuralNetwork.h">
      <Filter>Source Files\Model</Filter>
    </ClInclude>
    <ClInclude Include="Container.h">
      <Filter>Source Files\Model\Containers</Filter>
    </ClInclude>
    <ClInclude Include="Connections.h">
      <Filter>Source Files\Model\Neurons</Filter>
    </ClInclude>
    <ClInclude Include="Weights.h">
      <Filter>Source Files\Model\Neurons</Filter>
    </ClInclude>
    <ClInclude Include="WeightedNeuron.h">
      <Filter>Source Files\Model\Neurons</Filter>
    </ClInclude>
    <ClInclude Include="UnweightedNeuron.h">
      <Filter>Source Files\Model\Neurons</Filter>
    </ClInclude>
    <ClInclude Include="FullyConnectedLayer.h">
      <Filter>Source Files\Model\Layers\Layers1D\FullyConnectedLayer</Filter>
    </ClInclude>
    <ClInclude Include="OutputLayer.h">
      <Filter>Source Files\Model\Layers\Layers1D\OutputLayer</Filter>
    </ClInclude>
    <ClInclude Include="InputLayer.h">
      <Filter>Source Files\Model\Layers\Layers2D\InputLayer</Filter>
    </ClInclude>
    <ClInclude Include="DownsamplingLayer.h">
      <Filter>Source Files\Model\Layers\Layers2D\DownsamplingLayer</Filter>
    </ClInclude>
    <ClInclude Include="ConvolutionLayer.h">
      <Filter>Source Files\Model\Layers\Layers2D\ConvolutionLayer</Filter>
    </ClInclude>
    <ClInclude Include="Matrix.h">
      <Filter>Source Files\Model\Containers\Matrices</Filter>
    </ClInclude>
    <ClInclude Include="MatrixConv.h">
      <Filter>Source Files\Model\Containers\Matrices</Filter>
    </ClInclude>
    <ClInclude Include="Vector.h">
      <Filter>Source Files\Model\Containers\Vectors</Filter>
    </ClInclude>
    <ClInclude Include="FeatureDetector.h">
      <Filter>Source Files\Model\Layers\Layers2D\ConvolutionLayer</Filter>
    </ClInclude>
    <ClInclude Include="ConsolePrinter.h">
      <Filter>Source Files\Output</Filter>
    </ClInclude>
    <ClInclude Include="Exceptions.h">
      <Filter>Source Files\Model\Exceptions</Filter>
    </ClInclude>
    <ClInclude Include="ContainersConnectingStrategy.h">
      <Filter>Source Files\Model\Connecting\ContainersConnections</Filter>
    </ClInclude>
    <ClInclude Include="NeuronsConnectingStrategy.h">
      <Filter>Source Files\Model\Connecting\NeuronsConnections</Filter>
    </ClInclude>
    <ClInclude Include="ContainersConnecting1to1.h">
      <Filter>Source Files\Model\Connecting\ContainersConnections</Filter>
    </ClInclude>
    <ClInclude Include="ContainersConnecting1toAll.h">
      <Filter>Source Files\Model\Connecting\ContainersConnections</Filter>
    </ClInclude>
    <ClInclude Include="ContainersConnecting1toRandom.h">
      <Filter>Source Files\Model\Connecting\ContainersConnections</Filter>
    </ClInclude>
    <ClInclude Include="NeuronsConnecting1toAll.h">
      <Filter>Source Files\Model\Connecting\NeuronsConnections</Filter>
    </ClInclude>
    <ClInclude Include="NeuronsConnecting1toArea.h">
      <Filter>Source Files\Model\Connecting\NeuronsConnections</Filter>
    </ClInclude>
    <ClInclude Include="ContainerPopulatingStrategy.h">
      <Filter>Source Files\Model\Creating\NeuronsCreating</Filter>
    </ClInclude>
    <ClInclude Include="LayerPopulatingStrategy.h">
      <Filter>Source Files\Model\Creating\ContainersCreating</Filter>
    </ClInclude>
  </ItemGroup>
  <ItemGroup>
    <ClCompile Include="main.cpp">
      <Filter>Source Files</Filter>
    </ClCompile>
    <ClCompile Include="Layer.cpp">
      <Filter>Source Files\Model\Layers</Filter>
    </ClCompile>
    <ClCompile Include="Neuron.cpp">
      <Filter>Source Files\Model\Neurons</Filter>
    </ClCompile>
    <ClCompile Include="Layer1D.cpp">
      <Filter>Source Files\Model\Layers\Layers1D</Filter>
    </ClCompile>
    <ClCompile Include="Layer2D.cpp">
      <Filter>Source Files\Model\Layers\Layers2D</Filter>
    </ClCompile>
    <ClCompile Include="NeuralNetwork.cpp">
      <Filter>Source Files\Model</Filter>
    </ClCompile>
    <ClCompile Include="Container.cpp">
      <Filter>Source Files\Model\Containers</Filter>
    </ClCompile>
    <ClCompile Include="Connections.cpp">
      <Filter>Source Files\Model\Neurons</Filter>
    </ClCompile>
    <ClCompile Include="Weights.cpp">
      <Filter>Source Files\Model\Neurons</Filter>
    </ClCompile>
    <ClCompile Include="WeightedNeuron.cpp">
      <Filter>Source Files\Model\Neurons</Filter>
    </ClCompile>
    <ClCompile Include="UnweightedNeuron.cpp">
      <Filter>Source Files\Model\Neurons</Filter>
    </ClCompile>
    <ClCompile Include="FullyConnectedLayer.cpp">
      <Filter>Source Files\Model\Layers\Layers1D\FullyConnectedLayer</Filter>
    </ClCompile>
    <ClCompile Include="OutputLayer.cpp">
      <Filter>Source Files\Model\Layers\Layers1D\OutputLayer</Filter>
    </ClCompile>
    <ClCompile Include="InputLayer.cpp">
      <Filter>Source Files\Model\Layers\Layers2D\InputLayer</Filter>
    </ClCompile>
    <ClCompile Include="DownsamplingLayer.cpp">
      <Filter>Source Files\Model\Layers\Layers2D\DownsamplingLayer</Filter>
    </ClCompile>
    <ClCompile Include="ConvolutionLayer.cpp">
      <Filter>Source Files\Model\Layers\Layers2D\ConvolutionLayer</Filter>
    </ClCompile>
    <ClCompile Include="Matrix.cpp">
      <Filter>Source Files\Model\Containers\Matrices</Filter>
    </ClCompile>
    <ClCompile Include="MatrixConv.cpp">
      <Filter>Source Files\Model\Containers\Matrices</Filter>
    </ClCompile>
    <ClCompile Include="Vector.cpp">
      <Filter>Source Files\Model\Containers\Vectors</Filter>
    </ClCompile>
    <ClCompile Include="FeatureDetector.cpp">
      <Filter>Source Files\Model\Layers\Layers2D\ConvolutionLayer</Filter>
    </ClCompile>
    <ClCompile Include="ConsolePrinter.cpp">
      <Filter>Source Files\Output</Filter>
    </ClCompile>
    <ClCompile Include="Exceptions.cpp">
      <Filter>Source Files\Model\Exceptions</Filter>
    </ClCompile>
    <ClCompile Include="ContainersConnectingStrategy.cpp">
      <Filter>Source Files\Model\Connecting\ContainersConnections</Filter>
    </ClCompile>
    <ClCompile Include="NeuronsConnectingStrategy.cpp">
      <Filter>Source Files\Model\Connecting\NeuronsConnections</Filter>
    </ClCompile>
    <ClCompile Include="ContainersConnecting1to1.cpp">
      <Filter>Source Files\Model\Connecting\ContainersConnections</Filter>
    </ClCompile>
    <ClCompile Include="ContainersConnecting1toAll.cpp">
      <Filter>Source Files\Model\Connecting\ContainersConnections</Filter>
    </ClCompile>
    <ClCompile Include="ContainersConnecting1toRandom.cpp">
      <Filter>Source Files\Model\Connecting\ContainersConnections</Filter>
    </ClCompile>
    <ClCompile Include="NeuronConnecting1toArea.cpp">
      <Filter>Source Files\Model\Connecting\NeuronsConnections</Filter>
    </ClCompile>
    <ClCompile Include="NeuronsConnecting1toAll.cpp">
      <Filter>Source Files\Model\Connecting\NeuronsConnections</Filter>
    </ClCompile>
    <ClCompile Include="ContainerPopulatingStrategy.cpp">
      <Filter>Source Files\Model\Creating\NeuronsCreating</Filter>
    </ClCompile>
    <ClCompile Include="LayerPopulatingStrategy.cpp">
      <Filter>Source Files\Model\Creating\ContainersCreating</Filter>
    </ClCompile>
  </ItemGroup>
  <ItemGroup>
    <Text Include="TODO.txt">
      <Filter>Source Files</Filter>
    </Text>
  </ItemGroup>
</Project>